{
  "version": 4,
  "terraform_version": "1.4.2",
  "serial": 54,
  "lineage": "d4d87e86-83b0-3f98-0a01-8350dddbc475",
  "outputs": {
    "alb": {
      "value": "codebuild-demo-terraform",
      "type": "string"
    },
    "apprunner_service_hello": {
      "value": {
        "arn": "arn:aws:apprunner:us-east-1:864245922788:service/app_runner_service/1db1cb5220f34962bc22d2cf64064072",
        "auto_scaling_configuration_arn": "arn:aws:apprunner:us-east-1:864245922788:autoscalingconfiguration/app_runner_auto_scaling/1/c676abcbea7944f38682203822ea14db",
        "encryption_configuration": [],
        "health_check_configuration": [
          {
            "healthy_threshold": 1,
            "interval": 5,
            "path": "/",
            "protocol": "TCP",
            "timeout": 2,
            "unhealthy_threshold": 5
          }
        ],
        "id": "arn:aws:apprunner:us-east-1:864245922788:service/app_runner_service/1db1cb5220f34962bc22d2cf64064072",
        "instance_configuration": [
          {
            "cpu": "1024",
            "instance_role_arn": "",
            "memory": "2048"
          }
        ],
        "network_configuration": [
          {
            "egress_configuration": [
              {
                "egress_type": "DEFAULT",
                "vpc_connector_arn": ""
              }
            ]
          }
        ],
        "observability_configuration": [],
        "service_id": "1db1cb5220f34962bc22d2cf64064072",
        "service_name": "app_runner_service",
        "service_url": "pbmf33zg4k.us-east-1.awsapprunner.com",
        "source_configuration": [
          {
            "authentication_configuration": [
              {
                "access_role_arn": "arn:aws:iam::864245922788:role/myroles",
                "connection_arn": ""
              }
            ],
            "auto_deployments_enabled": true,
            "code_repository": [],
            "image_repository": [
              {
                "image_configuration": [
                  {
                    "port": "8080",
                    "runtime_environment_variables": {},
                    "start_command": ""
                  }
                ],
                "image_identifier": "864245922788.dkr.ecr.us-east-1.amazonaws.com/apinomes:latest",
                "image_repository_type": "ECR"
              }
            ]
          }
        ],
        "status": "RUNNING",
        "tags": {},
        "tags_all": {}
      },
      "type": [
        "object",
        {
          "arn": "string",
          "auto_scaling_configuration_arn": "string",
          "encryption_configuration": [
            "list",
            [
              "object",
              {
                "kms_key": "string"
              }
            ]
          ],
          "health_check_configuration": [
            "list",
            [
              "object",
              {
                "healthy_threshold": "number",
                "interval": "number",
                "path": "string",
                "protocol": "string",
                "timeout": "number",
                "unhealthy_threshold": "number"
              }
            ]
          ],
          "id": "string",
          "instance_configuration": [
            "list",
            [
              "object",
              {
                "cpu": "string",
                "instance_role_arn": "string",
                "memory": "string"
              }
            ]
          ],
          "network_configuration": [
            "list",
            [
              "object",
              {
                "egress_configuration": [
                  "list",
                  [
                    "object",
                    {
                      "egress_type": "string",
                      "vpc_connector_arn": "string"
                    }
                  ]
                ]
              }
            ]
          ],
          "observability_configuration": [
            "list",
            [
              "object",
              {
                "observability_configuration_arn": "string",
                "observability_enabled": "bool"
              }
            ]
          ],
          "service_id": "string",
          "service_name": "string",
          "service_url": "string",
          "source_configuration": [
            "list",
            [
              "object",
              {
                "authentication_configuration": [
                  "list",
                  [
                    "object",
                    {
                      "access_role_arn": "string",
                      "connection_arn": "string"
                    }
                  ]
                ],
                "auto_deployments_enabled": "bool",
                "code_repository": [
                  "list",
                  [
                    "object",
                    {
                      "code_configuration": [
                        "list",
                        [
                          "object",
                          {
                            "code_configuration_values": [
                              "list",
                              [
                                "object",
                                {
                                  "build_command": "string",
                                  "port": "string",
                                  "runtime": "string",
                                  "runtime_environment_variables": [
                                    "map",
                                    "string"
                                  ],
                                  "start_command": "string"
                                }
                              ]
                            ],
                            "configuration_source": "string"
                          }
                        ]
                      ],
                      "repository_url": "string",
                      "source_code_version": [
                        "list",
                        [
                          "object",
                          {
                            "type": "string",
                            "value": "string"
                          }
                        ]
                      ]
                    }
                  ]
                ],
                "image_repository": [
                  "list",
                  [
                    "object",
                    {
                      "image_configuration": [
                        "list",
                        [
                          "object",
                          {
                            "port": "string",
                            "runtime_environment_variables": [
                              "map",
                              "string"
                            ],
                            "start_command": "string"
                          }
                        ]
                      ],
                      "image_identifier": "string",
                      "image_repository_type": "string"
                    }
                  ]
                ]
              }
            ]
          ],
          "status": "string",
          "tags": [
            "map",
            "string"
          ],
          "tags_all": [
            "map",
            "string"
          ]
        }
      ]
    }
  },
  "resources": [
    {
      "mode": "data",
      "type": "local_file",
      "name": "assumeRole_policy",
      "provider": "provider[\"registry.terraform.io/hashicorp/local\"]",
      "instances": [
        {
          "schema_version": 0,
          "attributes": {
            "content": "{\n    \"Version\": \"2012-10-17\",\n    \"Statement\": [\n      {\n        \"Effect\": \"Allow\",\n        \"Principal\": {\n          \"Service\": \"codebuild.amazonaws.com\"\n        },\n        \"Action\": \"sts:AssumeRole\"\n      }\n    ]\n  }\n",
            "content_base64": "ewogICAgIlZlcnNpb24iOiAiMjAxMi0xMC0xNyIsCiAgICAiU3RhdGVtZW50IjogWwogICAgICB7CiAgICAgICAgIkVmZmVjdCI6ICJBbGxvdyIsCiAgICAgICAgIlByaW5jaXBhbCI6IHsKICAgICAgICAgICJTZXJ2aWNlIjogImNvZGVidWlsZC5hbWF6b25hd3MuY29tIgogICAgICAgIH0sCiAgICAgICAgIkFjdGlvbiI6ICJzdHM6QXNzdW1lUm9sZSIKICAgICAgfQogICAgXQogIH0K",
            "content_base64sha256": "8fSYjM5v7aJP/C2l9xf+jO6t/J/6iQklBrQ1oGSNtMY=",
            "content_base64sha512": "moLJH+61XY8RSSJ3OepKDrTDWi3EWGKGyIg5lxAPkyJ8Udkb6gp/LU0Xpo35w5aueo/zAnxEX3cDxYTtf4VQRw==",
            "content_md5": "8528ece9f249d3b3f89f8646c1a56797",
            "content_sha1": "f32f7a25f5af2879ef876c060d6d93d3abb27085",
            "content_sha256": "f1f4988cce6feda24ffc2da5f717fe8ceeadfc9ffa89092506b435a0648db4c6",
            "content_sha512": "9a82c91feeb55d8f1149227739ea4a0eb4c35a2dc4586286c8883997100f93227c51d91bea0a7f2d4d17a68df9c396ae7a8ff3027c445f7703c584ed7f855047",
            "filename": "policy/assumeRole.json",
            "id": "f32f7a25f5af2879ef876c060d6d93d3abb27085"
          },
          "sensitive_attributes": []
        }
      ]
    },
    {
      "mode": "data",
      "type": "local_file",
      "name": "policy",
      "provider": "provider[\"registry.terraform.io/hashicorp/local\"]",
      "instances": [
        {
          "schema_version": 0,
          "attributes": {
            "content": "{\n    \"Version\": \"2012-10-17\",\n    \"Statement\": [\n        {\n            \"Effect\": \"Allow\",\n            \"Action\": [\n                \"ecr:*\",\n                \"cloudtrail:LookupEvents\"\n            ],\n            \"Resource\": \"*\"\n        },\n        {\n            \"Effect\": \"Allow\",\n            \"Action\": [\n                \"iam:CreateServiceLinkedRole\"\n            ],\n            \"Resource\": \"*\",\n            \"Condition\": {\n                \"StringEquals\": {\n                    \"iam:AWSServiceName\": [\n                        \"replication.ecr.amazonaws.com\"\n                    ]\n                }\n            }\n        },\n        {\n            \"Action\": [\n                \"iam:DeletePolicyVersion\",\n                \"ecr:BatchCheckLayerAvailability\",\n                \"ecr:CompleteLayerUpload\",\n                \"ecr:GetAuthorizationToken\",\n                \"ecr:InitiateLayerUpload\",\n                \"ecr:PutImage\",\n                \"ecr:UploadLayerPart\"\n            ],\n            \"Resource\": \"*\",\n            \"Effect\": \"Allow\"\n        },\n        {\n            \"Effect\": \"Allow\",\n            \"Resource\": [\n                \"arn:aws:logs:us-east-1:ACCOUNT_ID:log-group:*\"\n            ],\n            \"Action\": [\n                \"logs:CreateLogGroup\",\n                \"logs:CreateLogStream\",\n                \"logs:PutLogEvents\"\n            ]\n        },\n        {\n            \"Effect\": \"Allow\",\n            \"Resource\": [\n                \"arn:aws:s3:::*\"\n            ],\n            \"Action\": [\n                \"s3:PutObject\",\n                \"s3:GetObject\",\n                \"s3:GetObjectVersion\",\n                \"s3:GetBucketAcl\",\n                \"s3:GetBucketLocation\"\n            ]\n        },\n        {\n            \"Effect\": \"Allow\",\n            \"Action\": [\n                \"codebuild:CreateReportGroup\",\n                \"codebuild:CreateReport\",\n                \"codebuild:UpdateReport\",\n                \"codebuild:BatchPutTestCases\",\n                \"codebuild:BatchPutCodeCoverages\"\n            ],\n            \"Resource\": [\n                \"arn:aws:codebuild:us-east-1:ACCOUNT_ID:report-group/CODEBUILD_NAME*\"\n            ]\n        },\n        {\n            \"Effect\": \"Allow\",\n            \"Action\": [\n                \"imagebuilder:GetComponent\",\n                \"imagebuilder:GetContainerRecipe\",\n                \"ecr:GetAuthorizationToken\",\n                \"ecr:BatchGetImage\",\n                \"ecr:InitiateLayerUpload\",\n                \"ecr:UploadLayerPart\",\n                \"ecr:CompleteLayerUpload\",\n                \"ecr:BatchCheckLayerAvailability\",\n                \"ecr:GetDownloadUrlForLayer\",\n                \"ecr:PutImage\"\n            ],\n            \"Resource\": \"*\"\n        },\n        {\n            \"Effect\": \"Allow\",\n            \"Action\": [\n                \"kms:Decrypt\"\n            ],\n            \"Resource\": \"*\",\n            \"Condition\": {\n                \"ForAnyValue:StringEquals\": {\n                    \"kms:EncryptionContextKeys\": \"aws:imagebuilder:arn\",\n                    \"aws:CalledVia\": [\n                        \"imagebuilder.amazonaws.com\"\n                    ]\n                }\n            }\n        },\n        {\n            \"Effect\": \"Allow\",\n            \"Action\": [\n                \"s3:GetObject\"\n            ],\n            \"Resource\": \"arn:aws:s3:::ec2imagebuilder*\"\n        },\n        {\n            \"Effect\": \"Allow\",\n            \"Action\": [\n                \"logs:CreateLogStream\",\n                \"logs:CreateLogGroup\",\n                \"logs:PutLogEvents\"\n            ],\n            \"Resource\": \"arn:aws:logs:*:*:log-group:/aws/imagebuilder/*\"\n        }\n    ]\n}",
            "content_base64": "ewogICAgIlZlcnNpb24iOiAiMjAxMi0xMC0xNyIsCiAgICAiU3RhdGVtZW50IjogWwogICAgICAgIHsKICAgICAgICAgICAgIkVmZmVjdCI6ICJBbGxvdyIsCiAgICAgICAgICAgICJBY3Rpb24iOiBbCiAgICAgICAgICAgICAgICAiZWNyOioiLAogICAgICAgICAgICAgICAgImNsb3VkdHJhaWw6TG9va3VwRXZlbnRzIgogICAgICAgICAgICBdLAogICAgICAgICAgICAiUmVzb3VyY2UiOiAiKiIKICAgICAgICB9LAogICAgICAgIHsKICAgICAgICAgICAgIkVmZmVjdCI6ICJBbGxvdyIsCiAgICAgICAgICAgICJBY3Rpb24iOiBbCiAgICAgICAgICAgICAgICAiaWFtOkNyZWF0ZVNlcnZpY2VMaW5rZWRSb2xlIgogICAgICAgICAgICBdLAogICAgICAgICAgICAiUmVzb3VyY2UiOiAiKiIsCiAgICAgICAgICAgICJDb25kaXRpb24iOiB7CiAgICAgICAgICAgICAgICAiU3RyaW5nRXF1YWxzIjogewogICAgICAgICAgICAgICAgICAgICJpYW06QVdTU2VydmljZU5hbWUiOiBbCiAgICAgICAgICAgICAgICAgICAgICAgICJyZXBsaWNhdGlvbi5lY3IuYW1hem9uYXdzLmNvbSIKICAgICAgICAgICAgICAgICAgICBdCiAgICAgICAgICAgICAgICB9CiAgICAgICAgICAgIH0KICAgICAgICB9LAogICAgICAgIHsKICAgICAgICAgICAgIkFjdGlvbiI6IFsKICAgICAgICAgICAgICAgICJpYW06RGVsZXRlUG9saWN5VmVyc2lvbiIsCiAgICAgICAgICAgICAgICAiZWNyOkJhdGNoQ2hlY2tMYXllckF2YWlsYWJpbGl0eSIsCiAgICAgICAgICAgICAgICAiZWNyOkNvbXBsZXRlTGF5ZXJVcGxvYWQiLAogICAgICAgICAgICAgICAgImVjcjpHZXRBdXRob3JpemF0aW9uVG9rZW4iLAogICAgICAgICAgICAgICAgImVjcjpJbml0aWF0ZUxheWVyVXBsb2FkIiwKICAgICAgICAgICAgICAgICJlY3I6UHV0SW1hZ2UiLAogICAgICAgICAgICAgICAgImVjcjpVcGxvYWRMYXllclBhcnQiCiAgICAgICAgICAgIF0sCiAgICAgICAgICAgICJSZXNvdXJjZSI6ICIqIiwKICAgICAgICAgICAgIkVmZmVjdCI6ICJBbGxvdyIKICAgICAgICB9LAogICAgICAgIHsKICAgICAgICAgICAgIkVmZmVjdCI6ICJBbGxvdyIsCiAgICAgICAgICAgICJSZXNvdXJjZSI6IFsKICAgICAgICAgICAgICAgICJhcm46YXdzOmxvZ3M6dXMtZWFzdC0xOkFDQ09VTlRfSUQ6bG9nLWdyb3VwOioiCiAgICAgICAgICAgIF0sCiAgICAgICAgICAgICJBY3Rpb24iOiBbCiAgICAgICAgICAgICAgICAibG9nczpDcmVhdGVMb2dHcm91cCIsCiAgICAgICAgICAgICAgICAibG9nczpDcmVhdGVMb2dTdHJlYW0iLAogICAgICAgICAgICAgICAgImxvZ3M6UHV0TG9nRXZlbnRzIgogICAgICAgICAgICBdCiAgICAgICAgfSwKICAgICAgICB7CiAgICAgICAgICAgICJFZmZlY3QiOiAiQWxsb3ciLAogICAgICAgICAgICAiUmVzb3VyY2UiOiBbCiAgICAgICAgICAgICAgICAiYXJuOmF3czpzMzo6OioiCiAgICAgICAgICAgIF0sCiAgICAgICAgICAgICJBY3Rpb24iOiBbCiAgICAgICAgICAgICAgICAiczM6UHV0T2JqZWN0IiwKICAgICAgICAgICAgICAgICJzMzpHZXRPYmplY3QiLAogICAgICAgICAgICAgICAgInMzOkdldE9iamVjdFZlcnNpb24iLAogICAgICAgICAgICAgICAgInMzOkdldEJ1Y2tldEFjbCIsCiAgICAgICAgICAgICAgICAiczM6R2V0QnVja2V0TG9jYXRpb24iCiAgICAgICAgICAgIF0KICAgICAgICB9LAogICAgICAgIHsKICAgICAgICAgICAgIkVmZmVjdCI6ICJBbGxvdyIsCiAgICAgICAgICAgICJBY3Rpb24iOiBbCiAgICAgICAgICAgICAgICAiY29kZWJ1aWxkOkNyZWF0ZVJlcG9ydEdyb3VwIiwKICAgICAgICAgICAgICAgICJjb2RlYnVpbGQ6Q3JlYXRlUmVwb3J0IiwKICAgICAgICAgICAgICAgICJjb2RlYnVpbGQ6VXBkYXRlUmVwb3J0IiwKICAgICAgICAgICAgICAgICJjb2RlYnVpbGQ6QmF0Y2hQdXRUZXN0Q2FzZXMiLAogICAgICAgICAgICAgICAgImNvZGVidWlsZDpCYXRjaFB1dENvZGVDb3ZlcmFnZXMiCiAgICAgICAgICAgIF0sCiAgICAgICAgICAgICJSZXNvdXJjZSI6IFsKICAgICAgICAgICAgICAgICJhcm46YXdzOmNvZGVidWlsZDp1cy1lYXN0LTE6QUNDT1VOVF9JRDpyZXBvcnQtZ3JvdXAvQ09ERUJVSUxEX05BTUUqIgogICAgICAgICAgICBdCiAgICAgICAgfSwKICAgICAgICB7CiAgICAgICAgICAgICJFZmZlY3QiOiAiQWxsb3ciLAogICAgICAgICAgICAiQWN0aW9uIjogWwogICAgICAgICAgICAgICAgImltYWdlYnVpbGRlcjpHZXRDb21wb25lbnQiLAogICAgICAgICAgICAgICAgImltYWdlYnVpbGRlcjpHZXRDb250YWluZXJSZWNpcGUiLAogICAgICAgICAgICAgICAgImVjcjpHZXRBdXRob3JpemF0aW9uVG9rZW4iLAogICAgICAgICAgICAgICAgImVjcjpCYXRjaEdldEltYWdlIiwKICAgICAgICAgICAgICAgICJlY3I6SW5pdGlhdGVMYXllclVwbG9hZCIsCiAgICAgICAgICAgICAgICAiZWNyOlVwbG9hZExheWVyUGFydCIsCiAgICAgICAgICAgICAgICAiZWNyOkNvbXBsZXRlTGF5ZXJVcGxvYWQiLAogICAgICAgICAgICAgICAgImVjcjpCYXRjaENoZWNrTGF5ZXJBdmFpbGFiaWxpdHkiLAogICAgICAgICAgICAgICAgImVjcjpHZXREb3dubG9hZFVybEZvckxheWVyIiwKICAgICAgICAgICAgICAgICJlY3I6UHV0SW1hZ2UiCiAgICAgICAgICAgIF0sCiAgICAgICAgICAgICJSZXNvdXJjZSI6ICIqIgogICAgICAgIH0sCiAgICAgICAgewogICAgICAgICAgICAiRWZmZWN0IjogIkFsbG93IiwKICAgICAgICAgICAgIkFjdGlvbiI6IFsKICAgICAgICAgICAgICAgICJrbXM6RGVjcnlwdCIKICAgICAgICAgICAgXSwKICAgICAgICAgICAgIlJlc291cmNlIjogIioiLAogICAgICAgICAgICAiQ29uZGl0aW9uIjogewogICAgICAgICAgICAgICAgIkZvckFueVZhbHVlOlN0cmluZ0VxdWFscyI6IHsKICAgICAgICAgICAgICAgICAgICAia21zOkVuY3J5cHRpb25Db250ZXh0S2V5cyI6ICJhd3M6aW1hZ2VidWlsZGVyOmFybiIsCiAgICAgICAgICAgICAgICAgICAgImF3czpDYWxsZWRWaWEiOiBbCiAgICAgICAgICAgICAgICAgICAgICAgICJpbWFnZWJ1aWxkZXIuYW1hem9uYXdzLmNvbSIKICAgICAgICAgICAgICAgICAgICBdCiAgICAgICAgICAgICAgICB9CiAgICAgICAgICAgIH0KICAgICAgICB9LAogICAgICAgIHsKICAgICAgICAgICAgIkVmZmVjdCI6ICJBbGxvdyIsCiAgICAgICAgICAgICJBY3Rpb24iOiBbCiAgICAgICAgICAgICAgICAiczM6R2V0T2JqZWN0IgogICAgICAgICAgICBdLAogICAgICAgICAgICAiUmVzb3VyY2UiOiAiYXJuOmF3czpzMzo6OmVjMmltYWdlYnVpbGRlcioiCiAgICAgICAgfSwKICAgICAgICB7CiAgICAgICAgICAgICJFZmZlY3QiOiAiQWxsb3ciLAogICAgICAgICAgICAiQWN0aW9uIjogWwogICAgICAgICAgICAgICAgImxvZ3M6Q3JlYXRlTG9nU3RyZWFtIiwKICAgICAgICAgICAgICAgICJsb2dzOkNyZWF0ZUxvZ0dyb3VwIiwKICAgICAgICAgICAgICAgICJsb2dzOlB1dExvZ0V2ZW50cyIKICAgICAgICAgICAgXSwKICAgICAgICAgICAgIlJlc291cmNlIjogImFybjphd3M6bG9nczoqOio6bG9nLWdyb3VwOi9hd3MvaW1hZ2VidWlsZGVyLyoiCiAgICAgICAgfQogICAgXQp9",
            "content_base64sha256": "t2MtcNufkCYgsyIH/lsE037SLJ3bVLYeMYuAY4TB7k8=",
            "content_base64sha512": "oRFIqAXxnyG03QJo+F4L7zcW1Lwmj7vS5CqLxB3BIsvIksSbqmdOiLjRdnwjTqw9SaevjgzhiGaDzIS63FAXhw==",
            "content_md5": "fac0eb97560e4d43f4d59465aff104ab",
            "content_sha1": "221c726b293946bfc176996238dcd67dc49b1c9f",
            "content_sha256": "b7632d70db9f902620b32207fe5b04d37ed22c9ddb54b61e318b806384c1ee4f",
            "content_sha512": "a11148a805f19f21b4dd0268f85e0bef3716d4bc268fbbd2e42a8bc41dc122cbc892c49baa674e88b8d1767c234eac3d49a7af8e0ce1886683cc84badc501787",
            "filename": "policy/policy.json",
            "id": "221c726b293946bfc176996238dcd67dc49b1c9f"
          },
          "sensitive_attributes": []
        }
      ]
    },
    {
      "mode": "managed",
      "type": "aws_apprunner_auto_scaling_configuration_version",
      "name": "app_runner",
      "provider": "provider[\"registry.terraform.io/hashicorp/aws\"]",
      "instances": [
        {
          "schema_version": 0,
          "attributes": {
            "arn": "arn:aws:apprunner:us-east-1:864245922788:autoscalingconfiguration/app_runner_auto_scaling/1/c676abcbea7944f38682203822ea14db",
            "auto_scaling_configuration_name": "app_runner_auto_scaling",
            "auto_scaling_configuration_revision": 1,
            "id": "arn:aws:apprunner:us-east-1:864245922788:autoscalingconfiguration/app_runner_auto_scaling/1/c676abcbea7944f38682203822ea14db",
            "latest": true,
            "max_concurrency": 100,
            "max_size": 5,
            "min_size": 1,
            "status": "active",
            "tags": {},
            "tags_all": {}
          },
          "sensitive_attributes": [],
          "private": "bnVsbA=="
        }
      ]
    },
    {
      "mode": "managed",
      "type": "aws_apprunner_service",
      "name": "app_runner",
      "provider": "provider[\"registry.terraform.io/hashicorp/aws\"]",
      "instances": [
        {
          "schema_version": 0,
          "attributes": {
            "arn": "arn:aws:apprunner:us-east-1:864245922788:service/app_runner_service/1db1cb5220f34962bc22d2cf64064072",
            "auto_scaling_configuration_arn": "arn:aws:apprunner:us-east-1:864245922788:autoscalingconfiguration/app_runner_auto_scaling/1/c676abcbea7944f38682203822ea14db",
            "encryption_configuration": [],
            "health_check_configuration": [
              {
                "healthy_threshold": 1,
                "interval": 5,
                "path": "/",
                "protocol": "TCP",
                "timeout": 2,
                "unhealthy_threshold": 5
              }
            ],
            "id": "arn:aws:apprunner:us-east-1:864245922788:service/app_runner_service/1db1cb5220f34962bc22d2cf64064072",
            "instance_configuration": [
              {
                "cpu": "1024",
                "instance_role_arn": "",
                "memory": "2048"
              }
            ],
            "network_configuration": [
              {
                "egress_configuration": [
                  {
                    "egress_type": "DEFAULT",
                    "vpc_connector_arn": ""
                  }
                ]
              }
            ],
            "observability_configuration": [],
            "service_id": "1db1cb5220f34962bc22d2cf64064072",
            "service_name": "app_runner_service",
            "service_url": "pbmf33zg4k.us-east-1.awsapprunner.com",
            "source_configuration": [
              {
                "authentication_configuration": [
                  {
                    "access_role_arn": "arn:aws:iam::864245922788:role/myroles",
                    "connection_arn": ""
                  }
                ],
                "auto_deployments_enabled": true,
                "code_repository": [],
                "image_repository": [
                  {
                    "image_configuration": [
                      {
                        "port": "8080",
                        "runtime_environment_variables": {},
                        "start_command": ""
                      }
                    ],
                    "image_identifier": "864245922788.dkr.ecr.us-east-1.amazonaws.com/apinomes:latest",
                    "image_repository_type": "ECR"
                  }
                ]
              }
            ],
            "status": "RUNNING",
            "tags": {},
            "tags_all": {}
          },
          "sensitive_attributes": [],
          "private": "bnVsbA==",
          "dependencies": [
            "aws_apprunner_auto_scaling_configuration_version.app_runner",
            "aws_iam_role.myroles"
          ]
        }
      ]
    },
    {
      "mode": "managed",
      "type": "aws_codebuild_project",
      "name": "codebuild_project",
      "provider": "provider[\"registry.terraform.io/hashicorp/aws\"]",
      "instances": [
        {
          "schema_version": 0,
          "attributes": {
            "arn": "arn:aws:codebuild:us-east-1:864245922788:project/codebuild-demo-terraform",
            "artifacts": [
              {
                "artifact_identifier": "",
                "bucket_owner_access": "",
                "encryption_disabled": false,
                "location": "",
                "name": "",
                "namespace_type": "",
                "override_artifact_name": false,
                "packaging": "",
                "path": "",
                "type": "NO_ARTIFACTS"
              }
            ],
            "badge_enabled": false,
            "badge_url": "",
            "build_batch_config": [],
            "build_timeout": 120,
            "cache": [
              {
                "location": "",
                "modes": [],
                "type": "NO_CACHE"
              }
            ],
            "concurrent_build_limit": 0,
            "description": "Codebuild demo with Terraform",
            "encryption_key": "arn:aws:kms:us-east-1:864245922788:alias/aws/s3",
            "environment": [
              {
                "certificate": "",
                "compute_type": "BUILD_GENERAL1_SMALL",
                "environment_variable": [
                  {
                    "name": "AWS_ACCOUNT_ID",
                    "type": "PLAINTEXT",
                    "value": "864245922788"
                  },
                  {
                    "name": "AWS_DEFAULT_REGION",
                    "type": "PLAINTEXT",
                    "value": "us-east-1"
                  },
                  {
                    "name": "IMAGE_REPO_NAME",
                    "type": "PLAINTEXT",
                    "value": "apinomes"
                  },
                  {
                    "name": "IMAGE_TAG",
                    "type": "PLAINTEXT",
                    "value": "latest"
                  }
                ],
                "image": "aws/codebuild/standard:4.0",
                "image_pull_credentials_type": "CODEBUILD",
                "privileged_mode": true,
                "registry_credential": [],
                "type": "LINUX_CONTAINER"
              }
            ],
            "file_system_locations": [],
            "id": "arn:aws:codebuild:us-east-1:864245922788:project/codebuild-demo-terraform",
            "logs_config": [
              {
                "cloudwatch_logs": [
                  {
                    "group_name": "log-group",
                    "status": "ENABLED",
                    "stream_name": "log-stream"
                  }
                ],
                "s3_logs": [
                  {
                    "bucket_owner_access": "",
                    "encryption_disabled": false,
                    "location": "",
                    "status": "DISABLED"
                  }
                ]
              }
            ],
            "name": "codebuild-demo-terraform",
            "project_visibility": "PRIVATE",
            "public_project_alias": "",
            "queued_timeout": 480,
            "resource_access_role": "",
            "secondary_artifacts": [],
            "secondary_source_version": [],
            "secondary_sources": [],
            "service_role": "arn:aws:iam::864245922788:role/iam-role-terraform",
            "source": [
              {
                "auth": [],
                "build_status_config": [],
                "buildspec": "",
                "git_clone_depth": 1,
                "git_submodules_config": [
                  {
                    "fetch_submodules": true
                  }
                ],
                "insecure_ssl": false,
                "location": "https://github.com/eltondobemcontabilidade/apinomes.git",
                "report_build_status": false,
                "type": "GITHUB"
              }
            ],
            "source_version": "",
            "tags": {},
            "tags_all": {},
            "vpc_config": []
          },
          "sensitive_attributes": [],
          "private": "bnVsbA==",
          "dependencies": [
            "aws_iam_role.role",
            "data.local_file.assumeRole_policy"
          ]
        }
      ]
    },
    {
      "mode": "managed",
      "type": "aws_iam_role",
      "name": "myroles",
      "provider": "provider[\"registry.terraform.io/hashicorp/aws\"]",
      "instances": [
        {
          "schema_version": 0,
          "attributes": {
            "arn": "arn:aws:iam::864245922788:role/myroles",
            "assume_role_policy": "{\"Version\":\"2012-10-17\",\"Statement\":[{\"Effect\":\"Allow\",\"Principal\":{\"Service\":\"build.apprunner.amazonaws.com\"},\"Action\":\"sts:AssumeRole\"}]}",
            "create_date": "2023-04-01T04:40:34Z",
            "description": "",
            "force_detach_policies": false,
            "id": "myroles",
            "inline_policy": [
              {
                "name": "",
                "policy": ""
              }
            ],
            "managed_policy_arns": [
              "arn:aws:iam::aws:policy/service-role/AWSAppRunnerServicePolicyForECRAccess"
            ],
            "max_session_duration": 3600,
            "name": "myroles",
            "name_prefix": "",
            "path": "/",
            "permissions_boundary": null,
            "tags": {},
            "tags_all": {},
            "unique_id": "AROA4SOISHPSEHGHF2UFS"
          },
          "sensitive_attributes": [],
          "private": "bnVsbA=="
        }
      ]
    },
    {
      "mode": "managed",
      "type": "aws_iam_role",
      "name": "role",
      "provider": "provider[\"registry.terraform.io/hashicorp/aws\"]",
      "instances": [
        {
          "schema_version": 0,
          "attributes": {
            "arn": "arn:aws:iam::864245922788:role/iam-role-terraform",
            "assume_role_policy": "{\"Version\":\"2012-10-17\",\"Statement\":[{\"Effect\":\"Allow\",\"Principal\":{\"Service\":\"codebuild.amazonaws.com\"},\"Action\":\"sts:AssumeRole\"}]}",
            "create_date": "2023-04-01T05:23:52Z",
            "description": "",
            "force_detach_policies": false,
            "id": "iam-role-terraform",
            "inline_policy": [
              {
                "name": "terraform-20230401052353623800000001",
                "policy": "{\n    \"Version\": \"2012-10-17\",\n    \"Statement\": [\n        {\n            \"Effect\": \"Allow\",\n            \"Action\": [\n                \"ecr:*\",\n                \"cloudtrail:LookupEvents\"\n            ],\n            \"Resource\": \"*\"\n        },\n        {\n            \"Effect\": \"Allow\",\n            \"Action\": [\n                \"iam:CreateServiceLinkedRole\"\n            ],\n            \"Resource\": \"*\",\n            \"Condition\": {\n                \"StringEquals\": {\n                    \"iam:AWSServiceName\": [\n                        \"replication.ecr.amazonaws.com\"\n                    ]\n                }\n            }\n        },\n        {\n            \"Action\": [\n                \"iam:DeletePolicyVersion\",\n                \"ecr:BatchCheckLayerAvailability\",\n                \"ecr:CompleteLayerUpload\",\n                \"ecr:GetAuthorizationToken\",\n                \"ecr:InitiateLayerUpload\",\n                \"ecr:PutImage\",\n                \"ecr:UploadLayerPart\"\n            ],\n            \"Resource\": \"*\",\n            \"Effect\": \"Allow\"\n        },\n        {\n            \"Effect\": \"Allow\",\n            \"Resource\": [\n                \"arn:aws:logs:us-east-1:864245922788:log-group:*\"\n            ],\n            \"Action\": [\n                \"logs:CreateLogGroup\",\n                \"logs:CreateLogStream\",\n                \"logs:PutLogEvents\"\n            ]\n        },\n        {\n            \"Effect\": \"Allow\",\n            \"Resource\": [\n                \"arn:aws:s3:::*\"\n            ],\n            \"Action\": [\n                \"s3:PutObject\",\n                \"s3:GetObject\",\n                \"s3:GetObjectVersion\",\n                \"s3:GetBucketAcl\",\n                \"s3:GetBucketLocation\"\n            ]\n        },\n        {\n            \"Effect\": \"Allow\",\n            \"Action\": [\n                \"codebuild:CreateReportGroup\",\n                \"codebuild:CreateReport\",\n                \"codebuild:UpdateReport\",\n                \"codebuild:BatchPutTestCases\",\n                \"codebuild:BatchPutCodeCoverages\"\n            ],\n            \"Resource\": [\n                \"arn:aws:codebuild:us-east-1:864245922788:report-group/codebuild-demo-terraform*\"\n            ]\n        }\n    ]\n}"
              }
            ],
            "managed_policy_arns": [],
            "max_session_duration": 3600,
            "name": "iam-role-terraform",
            "name_prefix": "",
            "path": "/",
            "permissions_boundary": null,
            "tags": {},
            "tags_all": {},
            "unique_id": "AROA4SOISHPSHAZJFTC6T"
          },
          "sensitive_attributes": [],
          "private": "bnVsbA==",
          "dependencies": [
            "data.local_file.assumeRole_policy"
          ]
        }
      ]
    },
    {
      "mode": "managed",
      "type": "aws_iam_role_policy",
      "name": "example",
      "provider": "provider[\"registry.terraform.io/hashicorp/aws\"]",
      "instances": [
        {
          "schema_version": 0,
          "attributes": {
            "id": "iam-role-terraform:terraform-20230401052353623800000001",
            "name": "terraform-20230401052353623800000001",
            "name_prefix": null,
            "policy": "{\n    \"Version\": \"2012-10-17\",\n    \"Statement\": [\n        {\n            \"Effect\": \"Allow\",\n            \"Action\": [\n                \"ecr:*\",\n                \"cloudtrail:LookupEvents\"\n            ],\n            \"Resource\": \"*\"\n        },\n        {\n            \"Effect\": \"Allow\",\n            \"Action\": [\n                \"iam:CreateServiceLinkedRole\"\n            ],\n            \"Resource\": \"*\",\n            \"Condition\": {\n                \"StringEquals\": {\n                    \"iam:AWSServiceName\": [\n                        \"replication.ecr.amazonaws.com\"\n                    ]\n                }\n            }\n        },\n        {\n            \"Action\": [\n                \"iam:DeletePolicyVersion\",\n                \"ecr:BatchCheckLayerAvailability\",\n                \"ecr:CompleteLayerUpload\",\n                \"ecr:GetAuthorizationToken\",\n                \"ecr:InitiateLayerUpload\",\n                \"ecr:PutImage\",\n                \"ecr:UploadLayerPart\"\n            ],\n            \"Resource\": \"*\",\n            \"Effect\": \"Allow\"\n        },\n        {\n            \"Effect\": \"Allow\",\n            \"Resource\": [\n                \"arn:aws:logs:us-east-1:864245922788:log-group:*\"\n            ],\n            \"Action\": [\n                \"logs:CreateLogGroup\",\n                \"logs:CreateLogStream\",\n                \"logs:PutLogEvents\"\n            ]\n        },\n        {\n            \"Effect\": \"Allow\",\n            \"Resource\": [\n                \"arn:aws:s3:::*\"\n            ],\n            \"Action\": [\n                \"s3:PutObject\",\n                \"s3:GetObject\",\n                \"s3:GetObjectVersion\",\n                \"s3:GetBucketAcl\",\n                \"s3:GetBucketLocation\"\n            ]\n        },\n        {\n            \"Effect\": \"Allow\",\n            \"Action\": [\n                \"codebuild:CreateReportGroup\",\n                \"codebuild:CreateReport\",\n                \"codebuild:UpdateReport\",\n                \"codebuild:BatchPutTestCases\",\n                \"codebuild:BatchPutCodeCoverages\"\n            ],\n            \"Resource\": [\n                \"arn:aws:codebuild:us-east-1:864245922788:report-group/codebuild-demo-terraform*\"\n            ]\n        },\n        {\n            \"Effect\": \"Allow\",\n            \"Action\": [\n                \"imagebuilder:GetComponent\",\n                \"imagebuilder:GetContainerRecipe\",\n                \"ecr:GetAuthorizationToken\",\n                \"ecr:BatchGetImage\",\n                \"ecr:InitiateLayerUpload\",\n                \"ecr:UploadLayerPart\",\n                \"ecr:CompleteLayerUpload\",\n                \"ecr:BatchCheckLayerAvailability\",\n                \"ecr:GetDownloadUrlForLayer\",\n                \"ecr:PutImage\"\n            ],\n            \"Resource\": \"*\"\n        },\n        {\n            \"Effect\": \"Allow\",\n            \"Action\": [\n                \"kms:Decrypt\"\n            ],\n            \"Resource\": \"*\",\n            \"Condition\": {\n                \"ForAnyValue:StringEquals\": {\n                    \"kms:EncryptionContextKeys\": \"aws:imagebuilder:arn\",\n                    \"aws:CalledVia\": [\n                        \"imagebuilder.amazonaws.com\"\n                    ]\n                }\n            }\n        },\n        {\n            \"Effect\": \"Allow\",\n            \"Action\": [\n                \"s3:GetObject\"\n            ],\n            \"Resource\": \"arn:aws:s3:::ec2imagebuilder*\"\n        },\n        {\n            \"Effect\": \"Allow\",\n            \"Action\": [\n                \"logs:CreateLogStream\",\n                \"logs:CreateLogGroup\",\n                \"logs:PutLogEvents\"\n            ],\n            \"Resource\": \"arn:aws:logs:*:*:log-group:/aws/imagebuilder/*\"\n        }\n    ]\n}",
            "role": "iam-role-terraform"
          },
          "sensitive_attributes": [],
          "private": "bnVsbA==",
          "dependencies": [
            "aws_iam_role.role",
            "data.local_file.policy"
          ]
        }
      ]
    },
    {
      "mode": "managed",
      "type": "aws_iam_role_policy_attachment",
      "name": "myrolespolicy",
      "provider": "provider[\"registry.terraform.io/hashicorp/aws\"]",
      "instances": [
        {
          "schema_version": 0,
          "attributes": {
            "id": "myroles-20230401044035034600000001",
            "policy_arn": "arn:aws:iam::aws:policy/service-role/AWSAppRunnerServicePolicyForECRAccess",
            "role": "myroles"
          },
          "sensitive_attributes": [],
          "private": "bnVsbA==",
          "dependencies": [
            "aws_iam_role.myroles"
          ]
        }
      ]
    }
  ],
  "check_results": null
}
